// !$*UTF8*$!
{
	archiveVersion = 1;
	classes = {
	};
	objectVersion = 56;
	objects = {

/* Begin PBXBuildFile section */
		66C4E05729ACA9B7005E451F /* Project10App.swift in Sources */ = {isa = PBXBuildFile; fileRef = 66C4E05629ACA9B7005E451F /* Project10App.swift */; };
		66C4E05929ACA9B7005E451F /* URLSessionExample.swift in Sources */ = {isa = PBXBuildFile; fileRef = 66C4E05829ACA9B7005E451F /* URLSessionExample.swift */; };
		66C4E05B29ACA9B8005E451F /* Assets.xcassets in Resources */ = {isa = PBXBuildFile; fileRef = 66C4E05A29ACA9B8005E451F /* Assets.xcassets */; };
		66C4E05E29ACA9B8005E451F /* Preview Assets.xcassets in Resources */ = {isa = PBXBuildFile; fileRef = 66C4E05D29ACA9B8005E451F /* Preview Assets.xcassets */; };
		66C4E06629ACEC35005E451F /* User.swift in Sources */ = {isa = PBXBuildFile; fileRef = 66C4E06529ACEC35005E451F /* User.swift */; };
		66C4E06829ACECA1005E451F /* Result.swift in Sources */ = {isa = PBXBuildFile; fileRef = 66C4E06729ACECA1005E451F /* Result.swift */; };
		66C4E06A29ACEF31005E451F /* AsyncImageExample.swift in Sources */ = {isa = PBXBuildFile; fileRef = 66C4E06929ACEF31005E451F /* AsyncImageExample.swift */; };
		66C4E06C29ACF0CF005E451F /* DisabledExample.swift in Sources */ = {isa = PBXBuildFile; fileRef = 66C4E06B29ACF0CF005E451F /* DisabledExample.swift */; };
		66C4E06E29ACF17E005E451F /* Order.swift in Sources */ = {isa = PBXBuildFile; fileRef = 66C4E06D29ACF17E005E451F /* Order.swift */; };
		66C4E07029ACF3AE005E451F /* CapcakeCorner.swift in Sources */ = {isa = PBXBuildFile; fileRef = 66C4E06F29ACF3AE005E451F /* CapcakeCorner.swift */; };
		66C4E07229ACF522005E451F /* AddressView.swift in Sources */ = {isa = PBXBuildFile; fileRef = 66C4E07129ACF522005E451F /* AddressView.swift */; };
		66C4E07429ACF5E3005E451F /* CheckoutView.swift in Sources */ = {isa = PBXBuildFile; fileRef = 66C4E07329ACF5E3005E451F /* CheckoutView.swift */; };
/* End PBXBuildFile section */

/* Begin PBXFileReference section */
		66C4E05329ACA9B7005E451F /* Project10.app */ = {isa = PBXFileReference; explicitFileType = wrapper.application; includeInIndex = 0; path = Project10.app; sourceTree = BUILT_PRODUCTS_DIR; };
		66C4E05629ACA9B7005E451F /* Project10App.swift */ = {isa = PBXFileReference; lastKnownFileType = sourcecode.swift; path = Project10App.swift; sourceTree = "<group>"; };
		66C4E05829ACA9B7005E451F /* URLSessionExample.swift */ = {isa = PBXFileReference; lastKnownFileType = sourcecode.swift; path = URLSessionExample.swift; sourceTree = "<group>"; };
		66C4E05A29ACA9B8005E451F /* Assets.xcassets */ = {isa = PBXFileReference; lastKnownFileType = folder.assetcatalog; path = Assets.xcassets; sourceTree = "<group>"; };
		66C4E05D29ACA9B8005E451F /* Preview Assets.xcassets */ = {isa = PBXFileReference; lastKnownFileType = folder.assetcatalog; path = "Preview Assets.xcassets"; sourceTree = "<group>"; };
		66C4E06529ACEC35005E451F /* User.swift */ = {isa = PBXFileReference; lastKnownFileType = sourcecode.swift; path = User.swift; sourceTree = "<group>"; };
		66C4E06729ACECA1005E451F /* Result.swift */ = {isa = PBXFileReference; lastKnownFileType = sourcecode.swift; path = Result.swift; sourceTree = "<group>"; };
		66C4E06929ACEF31005E451F /* AsyncImageExample.swift */ = {isa = PBXFileReference; lastKnownFileType = sourcecode.swift; path = AsyncImageExample.swift; sourceTree = "<group>"; };
		66C4E06B29ACF0CF005E451F /* DisabledExample.swift */ = {isa = PBXFileReference; lastKnownFileType = sourcecode.swift; path = DisabledExample.swift; sourceTree = "<group>"; };
		66C4E06D29ACF17E005E451F /* Order.swift */ = {isa = PBXFileReference; lastKnownFileType = sourcecode.swift; path = Order.swift; sourceTree = "<group>"; };
		66C4E06F29ACF3AE005E451F /* CapcakeCorner.swift */ = {isa = PBXFileReference; lastKnownFileType = sourcecode.swift; path = CapcakeCorner.swift; sourceTree = "<group>"; };
		66C4E07129ACF522005E451F /* AddressView.swift */ = {isa = PBXFileReference; lastKnownFileType = sourcecode.swift; path = AddressView.swift; sourceTree = "<group>"; };
		66C4E07329ACF5E3005E451F /* CheckoutView.swift */ = {isa = PBXFileReference; lastKnownFileType = sourcecode.swift; path = CheckoutView.swift; sourceTree = "<group>"; };
/* End PBXFileReference section */

/* Begin PBXFrameworksBuildPhase section */
		66C4E05029ACA9B7005E451F /* Frameworks */ = {
			isa = PBXFrameworksBuildPhase;
			buildActionMask = 2147483647;
			files = (
			);
			runOnlyForDeploymentPostprocessing = 0;
		};
/* End PBXFrameworksBuildPhase section */

/* Begin PBXGroup section */
		66C4E04A29ACA9B7005E451F = {
			isa = PBXGroup;
			children = (
				66C4E05529ACA9B7005E451F /* Project10 */,
				66C4E05429ACA9B7005E451F /* Products */,
			);
			sourceTree = "<group>";
		};
		66C4E05429ACA9B7005E451F /* Products */ = {
			isa = PBXGroup;
			children = (
				66C4E05329ACA9B7005E451F /* Project10.app */,
			);
			name = Products;
			sourceTree = "<group>";
		};
		66C4E05529ACA9B7005E451F /* Project10 */ = {
			isa = PBXGroup;
			children = (
				66C4E06429ACEC27005E451F /* Learning */,
				66C4E05629ACA9B7005E451F /* Project10App.swift */,
				66C4E05A29ACA9B8005E451F /* Assets.xcassets */,
				66C4E05C29ACA9B8005E451F /* Preview Content */,
				66C4E06D29ACF17E005E451F /* Order.swift */,
				66C4E07129ACF522005E451F /* AddressView.swift */,
				66C4E06F29ACF3AE005E451F /* CapcakeCorner.swift */,
				66C4E07329ACF5E3005E451F /* CheckoutView.swift */,
			);
			path = Project10;
			sourceTree = "<group>";
		};
		66C4E05C29ACA9B8005E451F /* Preview Content */ = {
			isa = PBXGroup;
			children = (
				66C4E05D29ACA9B8005E451F /* Preview Assets.xcassets */,
			);
			path = "Preview Content";
			sourceTree = "<group>";
		};
		66C4E06429ACEC27005E451F /* Learning */ = {
			isa = PBXGroup;
			children = (
				66C4E06529ACEC35005E451F /* User.swift */,
				66C4E06729ACECA1005E451F /* Result.swift */,
				66C4E05829ACA9B7005E451F /* URLSessionExample.swift */,
				66C4E06929ACEF31005E451F /* AsyncImageExample.swift */,
				66C4E06B29ACF0CF005E451F /* DisabledExample.swift */,
			);
			path = Learning;
			sourceTree = "<group>";
		};
/* End PBXGroup section */

/* Begin PBXNativeTarget section */
		66C4E05229ACA9B7005E451F /* Project10 */ = {
			isa = PBXNativeTarget;
			buildConfigurationList = 66C4E06129ACA9B8005E451F /* Build configuration list for PBXNativeTarget "Project10" */;
			buildPhases = (
				66C4E04F29ACA9B7005E451F /* Sources */,
				66C4E05029ACA9B7005E451F /* Frameworks */,
				66C4E05129ACA9B7005E451F /* Resources */,
			);
			buildRules = (
			);
			dependencies = (
			);
			name = Project10;
			productName = Project10;
			productReference = 66C4E05329ACA9B7005E451F /* Project10.app */;
			productType = "com.apple.product-type.application";
		};
/* End PBXNativeTarget section */

/* Begin PBXProject section */
		66C4E04B29ACA9B7005E451F /* Project object */ = {
			isa = PBXProject;
			attributes = {
				BuildIndependentTargetsInParallel = 1;
				LastSwiftUpdateCheck = 1420;
				LastUpgradeCheck = 1420;
				TargetAttributes = {
					66C4E05229ACA9B7005E451F = {
						CreatedOnToolsVersion = 14.2;
					};
				};
			};
			buildConfigurationList = 66C4E04E29ACA9B7005E451F /* Build configuration list for PBXProject "Project10" */;
			compatibilityVersion = "Xcode 14.0";
			developmentRegion = en;
			hasScannedForEncodings = 0;
			knownRegions = (
				en,
				Base,
			);
			mainGroup = 66C4E04A29ACA9B7005E451F;
			productRefGroup = 66C4E05429ACA9B7005E451F /* Products */;
			projectDirPath = "";
			projectRoot = "";
			targets = (
				66C4E05229ACA9B7005E451F /* Project10 */,
			);
		};
/* End PBXProject section */

/* Begin PBXResourcesBuildPhase section */
		66C4E05129ACA9B7005E451F /* Resources */ = {
			isa = PBXResourcesBuildPhase;
			buildActionMask = 2147483647;
			files = (
				66C4E05E29ACA9B8005E451F /* Preview Assets.xcassets in Resources */,
				66C4E05B29ACA9B8005E451F /* Assets.xcassets in Resources */,
			);
			runOnlyForDeploymentPostprocessing = 0;
		};
/* End PBXResourcesBuildPhase section */

/* Begin PBXSourcesBuildPhase section */
		66C4E04F29ACA9B7005E451F /* Sources */ = {
			isa = PBXSourcesBuildPhase;
			buildActionMask = 2147483647;
			files = (
				66C4E05929ACA9B7005E451F /* URLSessionExample.swift in Sources */,
				66C4E05729ACA9B7005E451F /* Project10App.swift in Sources */,
				66C4E07429ACF5E3005E451F /* CheckoutView.swift in Sources */,
				66C4E06A29ACEF31005E451F /* AsyncImageExample.swift in Sources */,
				66C4E06829ACECA1005E451F /* Result.swift in Sources */,
				66C4E06C29ACF0CF005E451F /* DisabledExample.swift in Sources */,
				66C4E07229ACF522005E451F /* AddressView.swift in Sources */,
				66C4E06629ACEC35005E451F /* User.swift in Sources */,
				66C4E06E29ACF17E005E451F /* Order.swift in Sources */,
				66C4E07029ACF3AE005E451F /* CapcakeCorner.swift in Sources */,
			);
			runOnlyForDeploymentPostprocessing = 0;
		};
/* End PBXSourcesBuildPhase section */

/* Begin XCBuildConfiguration section */
		66C4E05F29ACA9B8005E451F /* Debug */ = {
			isa = XCBuildConfiguration;
			buildSettings = {
				ALWAYS_SEARCH_USER_PATHS = NO;
				CLANG_ANALYZER_NONNULL = YES;
				CLANG_ANALYZER_NUMBER_OBJECT_CONVERSION = YES_AGGRESSIVE;
				CLANG_CXX_LANGUAGE_STANDARD = "gnu++20";
				CLANG_ENABLE_MODULES = YES;
				CLANG_ENABLE_OBJC_ARC = YES;
				CLANG_ENABLE_OBJC_WEAK = YES;
				CLANG_WARN_BLOCK_CAPTURE_AUTORELEASING = YES;
				CLANG_WARN_BOOL_CONVERSION = YES;
				CLANG_WARN_COMMA = YES;
				CLANG_WARN_CONSTANT_CONVERSION = YES;
				CLANG_WARN_DEPRECATED_OBJC_IMPLEMENTATIONS = YES;
				CLANG_WARN_DIRECT_OBJC_ISA_USAGE = YES_ERROR;
				CLANG_WARN_DOCUMENTATION_COMMENTS = YES;
				CLANG_WARN_EMPTY_BODY = YES;
				CLANG_WARN_ENUM_CONVERSION = YES;
				CLANG_WARN_INFINITE_RECURSION = YES;
				CLANG_WARN_INT_CONVERSION = YES;
				CLANG_WARN_NON_LITERAL_NULL_CONVERSION = YES;
				CLANG_WARN_OBJC_IMPLICIT_RETAIN_SELF = YES;
				CLANG_WARN_OBJC_LITERAL_CONVERSION = YES;
				CLANG_WARN_OBJC_ROOT_CLASS = YES_ERROR;
				CLANG_WARN_QUOTED_INCLUDE_IN_FRAMEWORK_HEADER = YES;
				CLANG_WARN_RANGE_LOOP_ANALYSIS = YES;
				CLANG_WARN_STRICT_PROTOTYPES = YES;
				CLANG_WARN_SUSPICIOUS_MOVE = YES;
				CLANG_WARN_UNGUARDED_AVAILABILITY = YES_AGGRESSIVE;
				CLANG_WARN_UNREACHABLE_CODE = YES;
				CLANG_WARN__DUPLICATE_METHOD_MATCH = YES;
				COPY_PHASE_STRIP = NO;
				DEBUG_INFORMATION_FORMAT = dwarf;
				ENABLE_STRICT_OBJC_MSGSEND = YES;
				ENABLE_TESTABILITY = YES;
				GCC_C_LANGUAGE_STANDARD = gnu11;
				GCC_DYNAMIC_NO_PIC = NO;
				GCC_NO_COMMON_BLOCKS = YES;
				GCC_OPTIMIZATION_LEVEL = 0;
				GCC_PREPROCESSOR_DEFINITIONS = (
					"DEBUG=1",
					"$(inherited)",
				);
				GCC_WARN_64_TO_32_BIT_CONVERSION = YES;
				GCC_WARN_ABOUT_RETURN_TYPE = YES_ERROR;
				GCC_WARN_UNDECLARED_SELECTOR = YES;
				GCC_WARN_UNINITIALIZED_AUTOS = YES_AGGRESSIVE;
				GCC_WARN_UNUSED_FUNCTION = YES;
				GCC_WARN_UNUSED_VARIABLE = YES;
				IPHONEOS_DEPLOYMENT_TARGET = 16.2;
				MTL_ENABLE_DEBUG_INFO = INCLUDE_SOURCE;
				MTL_FAST_MATH = YES;
				ONLY_ACTIVE_ARCH = YES;
				SDKROOT = iphoneos;
				SWIFT_ACTIVE_COMPILATION_CONDITIONS = DEBUG;
				SWIFT_OPTIMIZATION_LEVEL = "-Onone";
			};
			name = Debug;
		};
		66C4E06029ACA9B8005E451F /* Release */ = {
			isa = XCBuildConfiguration;
			buildSettings = {
				ALWAYS_SEARCH_USER_PATHS = NO;
				CLANG_ANALYZER_NONNULL = YES;
				CLANG_ANALYZER_NUMBER_OBJECT_CONVERSION = YES_AGGRESSIVE;
				CLANG_CXX_LANGUAGE_STANDARD = "gnu++20";
				CLANG_ENABLE_MODULES = YES;
				CLANG_ENABLE_OBJC_ARC = YES;
				CLANG_ENABLE_OBJC_WEAK = YES;
				CLANG_WARN_BLOCK_CAPTURE_AUTORELEASING = YES;
				CLANG_WARN_BOOL_CONVERSION = YES;
				CLANG_WARN_COMMA = YES;
				CLANG_WARN_CONSTANT_CONVERSION = YES;
				CLANG_WARN_DEPRECATED_OBJC_IMPLEMENTATIONS = YES;
				CLANG_WARN_DIRECT_OBJC_ISA_USAGE = YES_ERROR;
				CLANG_WARN_DOCUMENTATION_COMMENTS = YES;
				CLANG_WARN_EMPTY_BODY = YES;
				CLANG_WARN_ENUM_CONVERSION = YES;
				CLANG_WARN_INFINITE_RECURSION = YES;
				CLANG_WARN_INT_CONVERSION = YES;
				CLANG_WARN_NON_LITERAL_NULL_CONVERSION = YES;
				CLANG_WARN_OBJC_IMPLICIT_RETAIN_SELF = YES;
				CLANG_WARN_OBJC_LITERAL_CONVERSION = YES;
				CLANG_WARN_OBJC_ROOT_CLASS = YES_ERROR;
				CLANG_WARN_QUOTED_INCLUDE_IN_FRAMEWORK_HEADER = YES;
				CLANG_WARN_RANGE_LOOP_ANALYSIS = YES;
				CLANG_WARN_STRICT_PROTOTYPES = YES;
				CLANG_WARN_SUSPICIOUS_MOVE = YES;
				CLANG_WARN_UNGUARDED_AVAILABILITY = YES_AGGRESSIVE;
				CLANG_WARN_UNREACHABLE_CODE = YES;
				CLANG_WARN__DUPLICATE_METHOD_MATCH = YES;
				COPY_PHASE_STRIP = NO;
				DEBUG_INFORMATION_FORMAT = "dwarf-with-dsym";
				ENABLE_NS_ASSERTIONS = NO;
				ENABLE_STRICT_OBJC_MSGSEND = YES;
				GCC_C_LANGUAGE_STANDARD = gnu11;
				GCC_NO_COMMON_BLOCKS = YES;
				GCC_WARN_64_TO_32_BIT_CONVERSION = YES;
				GCC_WARN_ABOUT_RETURN_TYPE = YES_ERROR;
				GCC_WARN_UNDECLARED_SELECTOR = YES;
				GCC_WARN_UNINITIALIZED_AUTOS = YES_AGGRESSIVE;
				GCC_WARN_UNUSED_FUNCTION = YES;
				GCC_WARN_UNUSED_VARIABLE = YES;
				IPHONEOS_DEPLOYMENT_TARGET = 16.2;
				MTL_ENABLE_DEBUG_INFO = NO;
				MTL_FAST_MATH = YES;
				SDKROOT = iphoneos;
				SWIFT_COMPILATION_MODE = wholemodule;
				SWIFT_OPTIMIZATION_LEVEL = "-O";
				VALIDATE_PRODUCT = YES;
			};
			name = Release;
		};
		66C4E06229ACA9B8005E451F /* Debug */ = {
			isa = XCBuildConfiguration;
			buildSettings = {
				ASSETCATALOG_COMPILER_APPICON_NAME = AppIcon;
				ASSETCATALOG_COMPILER_GLOBAL_ACCENT_COLOR_NAME = AccentColor;
				CODE_SIGN_STYLE = Automatic;
				CURRENT_PROJECT_VERSION = 1;
				DEVELOPMENT_ASSET_PATHS = "\"Project10/Preview Content\"";
				ENABLE_PREVIEWS = YES;
				GENERATE_INFOPLIST_FILE = YES;
				INFOPLIST_KEY_UIApplicationSceneManifest_Generation = YES;
				INFOPLIST_KEY_UIApplicationSupportsIndirectInputEvents = YES;
				INFOPLIST_KEY_UILaunchScreen_Generation = YES;
				INFOPLIST_KEY_UISupportedInterfaceOrientations_iPad = "UIInterfaceOrientationPortrait UIInterfaceOrientationPortraitUpsideDown UIInterfaceOrientationLandscapeLeft UIInterfaceOrientationLandscapeRight";
				INFOPLIST_KEY_UISupportedInterfaceOrientations_iPhone = "UIInterfaceOrientationPortrait UIInterfaceOrientationLandscapeLeft UIInterfaceOrientationLandscapeRight";
				LD_RUNPATH_SEARCH_PATHS = (
					"$(inherited)",
					"@executable_path/Frameworks",
				);
				MARKETING_VERSION = 1.0;
				PRODUCT_BUNDLE_IDENTIFIER = "com.video-editor.Project10";
				PRODUCT_NAME = "$(TARGET_NAME)";
				SWIFT_EMIT_LOC_STRINGS = YES;
				SWIFT_VERSION = 5.0;
				TARGETED_DEVICE_FAMILY = "1,2";
			};
			name = Debug;
		};
		66C4E06329ACA9B8005E451F /* Release */ = {
			isa = XCBuildConfiguration;
			buildSettings = {
				ASSETCATALOG_COMPILER_APPICON_NAME = AppIcon;
				ASSETCATALOG_COMPILER_GLOBAL_ACCENT_COLOR_NAME = AccentColor;
				CODE_SIGN_STYLE = Automatic;
				CURRENT_PROJECT_VERSION = 1;
				DEVELOPMENT_ASSET_PATHS = "\"Project10/Preview Content\"";
				ENABLE_PREVIEWS = YES;
				GENERATE_INFOPLIST_FILE = YES;
				INFOPLIST_KEY_UIApplicationSceneManifest_Generation = YES;
				INFOPLIST_KEY_UIApplicationSupportsIndirectInputEvents = YES;
				INFOPLIST_KEY_UILaunchScreen_Generation = YES;
				INFOPLIST_KEY_UISupportedInterfaceOrientations_iPad = "UIInterfaceOrientationPortrait UIInterfaceOrientationPortraitUpsideDown UIInterfaceOrientationLandscapeLeft UIInterfaceOrientationLandscapeRight";
				INFOPLIST_KEY_UISupportedInterfaceOrientations_iPhone = "UIInterfaceOrientationPortrait UIInterfaceOrientationLandscapeLeft UIInterfaceOrientationLandscapeRight";
				LD_RUNPATH_SEARCH_PATHS = (
					"$(inherited)",
					"@executable_path/Frameworks",
				);
				MARKETING_VERSION = 1.0;
				PRODUCT_BUNDLE_IDENTIFIER = "com.video-editor.Project10";
				PRODUCT_NAME = "$(TARGET_NAME)";
				SWIFT_EMIT_LOC_STRINGS = YES;
				SWIFT_VERSION = 5.0;
				TARGETED_DEVICE_FAMILY = "1,2";
			};
			name = Release;
		};
/* End XCBuildConfiguration section */

/* Begin XCConfigurationList section */
		66C4E04E29ACA9B7005E451F /* Build configuration list for PBXProject "Project10" */ = {
			isa = XCConfigurationList;
			buildConfigurations = (
				66C4E05F29ACA9B8005E451F /* Debug */,
				66C4E06029ACA9B8005E451F /* Release */,
			);
			defaultConfigurationIsVisible = 0;
			defaultConfigurationName = Release;
		};
		66C4E06129ACA9B8005E451F /* Build configuration list for PBXNativeTarget "Project10" */ = {
			isa = XCConfigurationList;
			buildConfigurations = (
				66C4E06229ACA9B8005E451F /* Debug */,
				66C4E06329ACA9B8005E451F /* Release */,
			);
			defaultConfigurationIsVisible = 0;
			defaultConfigurationName = Release;
		};
/* End XCConfigurationList section */
	};
	rootObject = 66C4E04B29ACA9B7005E451F /* Project object */;
}
